
Microsoft Visual Studio Solution File, Format Version 12.00
# Visual Studio 14
VisualStudioVersion = 14.0.25420.1
MinimumVisualStudioVersion = 10.0.40219.1
Project("{2150E333-8FDC-42A3-9474-1A3956D46DE8}") = "Books", "Books", "{6A363AFE-1300-4540-970A-B0EFEF4948AF}"
EndProject
Project("{8BB2217D-0F2D-49D1-97BC-3654ED321F3B}") = "Books.Web", "Books\Books.Web\Books.Web.xproj", "{6CBBF459-1880-44DF-BFDD-6ADC2FC3ECC8}"
EndProject
Project("{FAE04EC0-301F-11D3-BF4B-00C04F79EFBC}") = "Books.InternalContracts", "Books\Books.InternalContracts\Books.InternalContracts.csproj", "{705E2613-FA11-44B5-8A48-BD5AFD30208A}"
EndProject
Project("{FAE04EC0-301F-11D3-BF4B-00C04F79EFBC}") = "Books.ExternalContracts", "Books\Books.ExternalContracts\Books.ExternalContracts.csproj", "{AD04A0D2-6ACA-4193-8A22-7EA66EF9F09D}"
EndProject
Project("{FAE04EC0-301F-11D3-BF4B-00C04F79EFBC}") = "Books.Service", "Books\Books.Service\Books.Service.csproj", "{C37BA90B-C426-4955-AEE6-8B6BE2776691}"
EndProject
Project("{FAE04EC0-301F-11D3-BF4B-00C04F79EFBC}") = "Books.DatabaseSetup", "Books\Books.DatabaseSetup\Books.DatabaseSetup.csproj", "{7CDC5D3C-68CE-41E4-B8A4-17B1C2737D35}"
EndProject
Project("{FAE04EC0-301F-11D3-BF4B-00C04F79EFBC}") = "Books.Database", "Books\Books.Database\Books.Database.csproj", "{2D460C4D-E20A-48B6-A4B7-45D5BA8375C2}"
EndProject
Global
	GlobalSection(SolutionConfigurationPlatforms) = preSolution
		Debug|Any CPU = Debug|Any CPU
		Release|Any CPU = Release|Any CPU
	EndGlobalSection
	GlobalSection(ProjectConfigurationPlatforms) = postSolution
		{6CBBF459-1880-44DF-BFDD-6ADC2FC3ECC8}.Debug|Any CPU.ActiveCfg = Debug|Any CPU
		{6CBBF459-1880-44DF-BFDD-6ADC2FC3ECC8}.Debug|Any CPU.Build.0 = Debug|Any CPU
		{6CBBF459-1880-44DF-BFDD-6ADC2FC3ECC8}.Release|Any CPU.ActiveCfg = Release|Any CPU
		{6CBBF459-1880-44DF-BFDD-6ADC2FC3ECC8}.Release|Any CPU.Build.0 = Release|Any CPU
		{705E2613-FA11-44B5-8A48-BD5AFD30208A}.Debug|Any CPU.ActiveCfg = Debug|Any CPU
		{705E2613-FA11-44B5-8A48-BD5AFD30208A}.Debug|Any CPU.Build.0 = Debug|Any CPU
		{705E2613-FA11-44B5-8A48-BD5AFD30208A}.Release|Any CPU.ActiveCfg = Release|Any CPU
		{705E2613-FA11-44B5-8A48-BD5AFD30208A}.Release|Any CPU.Build.0 = Release|Any CPU
		{AD04A0D2-6ACA-4193-8A22-7EA66EF9F09D}.Debug|Any CPU.ActiveCfg = Debug|Any CPU
		{AD04A0D2-6ACA-4193-8A22-7EA66EF9F09D}.Debug|Any CPU.Build.0 = Debug|Any CPU
		{AD04A0D2-6ACA-4193-8A22-7EA66EF9F09D}.Release|Any CPU.ActiveCfg = Release|Any CPU
		{AD04A0D2-6ACA-4193-8A22-7EA66EF9F09D}.Release|Any CPU.Build.0 = Release|Any CPU
		{C37BA90B-C426-4955-AEE6-8B6BE2776691}.Debug|Any CPU.ActiveCfg = Debug|Any CPU
		{C37BA90B-C426-4955-AEE6-8B6BE2776691}.Debug|Any CPU.Build.0 = Debug|Any CPU
		{C37BA90B-C426-4955-AEE6-8B6BE2776691}.Release|Any CPU.ActiveCfg = Release|Any CPU
		{C37BA90B-C426-4955-AEE6-8B6BE2776691}.Release|Any CPU.Build.0 = Release|Any CPU
		{7CDC5D3C-68CE-41E4-B8A4-17B1C2737D35}.Debug|Any CPU.ActiveCfg = Debug|Any CPU
		{7CDC5D3C-68CE-41E4-B8A4-17B1C2737D35}.Debug|Any CPU.Build.0 = Debug|Any CPU
		{7CDC5D3C-68CE-41E4-B8A4-17B1C2737D35}.Release|Any CPU.ActiveCfg = Release|Any CPU
		{7CDC5D3C-68CE-41E4-B8A4-17B1C2737D35}.Release|Any CPU.Build.0 = Release|Any CPU
		{2D460C4D-E20A-48B6-A4B7-45D5BA8375C2}.Debug|Any CPU.ActiveCfg = Debug|Any CPU
		{2D460C4D-E20A-48B6-A4B7-45D5BA8375C2}.Debug|Any CPU.Build.0 = Debug|Any CPU
		{2D460C4D-E20A-48B6-A4B7-45D5BA8375C2}.Release|Any CPU.ActiveCfg = Release|Any CPU
		{2D460C4D-E20A-48B6-A4B7-45D5BA8375C2}.Release|Any CPU.Build.0 = Release|Any CPU
	EndGlobalSection
	GlobalSection(SolutionProperties) = preSolution
		HideSolutionNode = FALSE
	EndGlobalSection
	GlobalSection(NestedProjects) = preSolution
		{6CBBF459-1880-44DF-BFDD-6ADC2FC3ECC8} = {6A363AFE-1300-4540-970A-B0EFEF4948AF}
		{705E2613-FA11-44B5-8A48-BD5AFD30208A} = {6A363AFE-1300-4540-970A-B0EFEF4948AF}
		{AD04A0D2-6ACA-4193-8A22-7EA66EF9F09D} = {6A363AFE-1300-4540-970A-B0EFEF4948AF}
		{C37BA90B-C426-4955-AEE6-8B6BE2776691} = {6A363AFE-1300-4540-970A-B0EFEF4948AF}
		{7CDC5D3C-68CE-41E4-B8A4-17B1C2737D35} = {6A363AFE-1300-4540-970A-B0EFEF4948AF}
		{2D460C4D-E20A-48B6-A4B7-45D5BA8375C2} = {6A363AFE-1300-4540-970A-B0EFEF4948AF}
	EndGlobalSection
EndGlobal
